{
  "name": "Maquetacion-massimo-dutti",
  "lockfileVersion": 2,
  "requires": true,
  "packages": {
    "": {
      "dependencies": {
        "holygrailcss": "^1.9.14"
      }
    },
    "node_modules/holygrailcss": {
      "version": "1.9.14",
      "resolved": "https://registry.npmjs.org/holygrailcss/-/holygrailcss-1.9.14.tgz",
      "integrity": "sha512-HJoZ4Tu+u9BMwemwy+m8BkprfcapU6jCiQ2AIaUilDb9D0fpwg3xI6rUAwW7Avg56YXI/dLz05/UJwATTv3OSA=="
    }
  },
  "dependencies": {
    "holygrailcss": {
      "version": "1.9.14",
      "resolved": "https://registry.npmjs.org/holygrailcss/-/holygrailcss-1.9.14.tgz",
      "integrity": "sha512-HJoZ4Tu+u9BMwemwy+m8BkprfcapU6jCiQ2AIaUilDb9D0fpwg3xI6rUAwW7Avg56YXI/dLz05/UJwATTv3OSA=="
    }
  }
}
